
Microsoft Visual Studio Solution File, Format Version 12.00
# Visual Studio Version 17
VisualStudioVersion = 17.3.32825.248
MinimumVisualStudioVersion = 10.0.40219.1
Project("{FAE04EC0-301F-11D3-BF4B-00C04F79EFBC}") = "Ejercicio3Tema1", "Ejercicio3Tema1\Ejercicio3Tema1.csproj", "{44024C5F-90C0-4C38-B8A6-7F96AC246E5E}"
EndProject
Global
	GlobalSection(SolutionConfigurationPlatforms) = preSolution
		Debug|Any CPU = Debug|Any CPU
		Release|Any CPU = Release|Any CPU
	EndGlobalSection
	GlobalSection(ProjectConfigurationPlatforms) = postSolution
		{44024C5F-90C0-4C38-B8A6-7F96AC246E5E}.Debug|Any CPU.ActiveCfg = Debug|Any CPU
		{44024C5F-90C0-4C38-B8A6-7F96AC246E5E}.Debug|Any CPU.Build.0 = Debug|Any CPU
		{44024C5F-90C0-4C38-B8A6-7F96AC246E5E}.Release|Any CPU.ActiveCfg = Release|Any CPU
		{44024C5F-90C0-4C38-B8A6-7F96AC246E5E}.Release|Any CPU.Build.0 = Release|Any CPU
	EndGlobalSection
	GlobalSection(SolutionProperties) = preSolution
		HideSolutionNode = FALSE
	EndGlobalSection
	GlobalSection(ExtensibilityGlobals) = postSolution
		SolutionGuid = {08C88985-37AA-4A3A-92A9-7FF80F32735C}
	EndGlobalSection
EndGlobal
